
Microsoft Visual Studio Solution File, Format Version 12.00
# Visual Studio Version 16
VisualStudioVersion = 16.0.32901.82
MinimumVisualStudioVersion = 10.0.40219.1
Project("{FAE04EC0-301F-11D3-BF4B-00C04F79EFBC}") = "MLPwithEvolutionaryAlgorithm", "MLPwithEvolutionaryAlgorithm.csproj", "{12CA35C5-789E-4048-B848-66C4E8014EE1}"
EndProject
Global
	GlobalSection(SolutionConfigurationPlatforms) = preSolution
		Debug|Any CPU = Debug|Any CPU
		Release|Any CPU = Release|Any CPU
	EndGlobalSection
	GlobalSection(ProjectConfigurationPlatforms) = postSolution
		{12CA35C5-789E-4048-B848-66C4E8014EE1}.Debug|Any CPU.ActiveCfg = Debug|Any CPU
		{12CA35C5-789E-4048-B848-66C4E8014EE1}.Debug|Any CPU.Build.0 = Debug|Any CPU
		{12CA35C5-789E-4048-B848-66C4E8014EE1}.Release|Any CPU.ActiveCfg = Release|Any CPU
		{12CA35C5-789E-4048-B848-66C4E8014EE1}.Release|Any CPU.Build.0 = Release|Any CPU
	EndGlobalSection
	GlobalSection(SolutionProperties) = preSolution
		HideSolutionNode = FALSE
	EndGlobalSection
	GlobalSection(ExtensibilityGlobals) = postSolution
		SolutionGuid = {BCD1047B-818A-499E-809A-E903B58CB1AD}
	EndGlobalSection
EndGlobal
